
Microsoft Visual Studio Solution File, Format Version 12.00
# Visual Studio 14
VisualStudioVersion = 14.0.25420.1
MinimumVisualStudioVersion = 10.0.40219.1
Project("{FAE04EC0-301F-11D3-BF4B-00C04F79EFBC}") = "Blog_BLL", "Blog_BLL\Blog_BLL.csproj", "{5F3CFB6E-43B9-491D-8CAF-02B4BC440E46}"
EndProject
Project("{FAE04EC0-301F-11D3-BF4B-00C04F79EFBC}") = "Blog_DAL", "Blog_DAL\Blog_DAL.csproj", "{F5E0A0FE-83CC-404B-BAC4-DF8B499804F2}"
EndProject
Project("{FAE04EC0-301F-11D3-BF4B-00C04F79EFBC}") = "Blog_Presentation", "Blog_Presentation\Blog_Presentation.csproj", "{71B791BC-80D5-41A7-9ED3-B46A8EDEBBD5}"
EndProject
Global
	GlobalSection(SolutionConfigurationPlatforms) = preSolution
		Debug|Any CPU = Debug|Any CPU
		Release|Any CPU = Release|Any CPU
	EndGlobalSection
	GlobalSection(ProjectConfigurationPlatforms) = postSolution
		{5F3CFB6E-43B9-491D-8CAF-02B4BC440E46}.Debug|Any CPU.ActiveCfg = Debug|Any CPU
		{5F3CFB6E-43B9-491D-8CAF-02B4BC440E46}.Debug|Any CPU.Build.0 = Debug|Any CPU
		{5F3CFB6E-43B9-491D-8CAF-02B4BC440E46}.Release|Any CPU.ActiveCfg = Release|Any CPU
		{5F3CFB6E-43B9-491D-8CAF-02B4BC440E46}.Release|Any CPU.Build.0 = Release|Any CPU
		{F5E0A0FE-83CC-404B-BAC4-DF8B499804F2}.Debug|Any CPU.ActiveCfg = Debug|Any CPU
		{F5E0A0FE-83CC-404B-BAC4-DF8B499804F2}.Debug|Any CPU.Build.0 = Debug|Any CPU
		{F5E0A0FE-83CC-404B-BAC4-DF8B499804F2}.Release|Any CPU.ActiveCfg = Release|Any CPU
		{F5E0A0FE-83CC-404B-BAC4-DF8B499804F2}.Release|Any CPU.Build.0 = Release|Any CPU
		{71B791BC-80D5-41A7-9ED3-B46A8EDEBBD5}.Debug|Any CPU.ActiveCfg = Debug|Any CPU
		{71B791BC-80D5-41A7-9ED3-B46A8EDEBBD5}.Debug|Any CPU.Build.0 = Debug|Any CPU
		{71B791BC-80D5-41A7-9ED3-B46A8EDEBBD5}.Release|Any CPU.ActiveCfg = Release|Any CPU
		{71B791BC-80D5-41A7-9ED3-B46A8EDEBBD5}.Release|Any CPU.Build.0 = Release|Any CPU
	EndGlobalSection
	GlobalSection(SolutionProperties) = preSolution
		HideSolutionNode = FALSE
	EndGlobalSection
EndGlobal
